
Microsoft Visual Studio Solution File, Format Version 12.00
# Visual Studio 2013
VisualStudioVersion = 12.0.40121.0
MinimumVisualStudioVersion = 10.0.40219.1
Project("{FAE04EC0-301F-11D3-BF4B-00C04F79EFBC}") = "GifSeparator", "GifSeparator\GifSeparator.csproj", "{CB218FF0-28D8-4753-A9C6-8AC7457F3FEA}"
EndProject
Project("{FAE04EC0-301F-11D3-BF4B-00C04F79EFBC}") = "GifImageLib", "GifImageLib\GifImageLib.csproj", "{681D038E-D38D-4786-A19C-41664C82D853}"
EndProject
Global
	GlobalSection(SolutionConfigurationPlatforms) = preSolution
		Debug|Any CPU = Debug|Any CPU
		Release|Any CPU = Release|Any CPU
	EndGlobalSection
	GlobalSection(ProjectConfigurationPlatforms) = postSolution
		{CB218FF0-28D8-4753-A9C6-8AC7457F3FEA}.Debug|Any CPU.ActiveCfg = Debug|Any CPU
		{CB218FF0-28D8-4753-A9C6-8AC7457F3FEA}.Debug|Any CPU.Build.0 = Debug|Any CPU
		{CB218FF0-28D8-4753-A9C6-8AC7457F3FEA}.Release|Any CPU.ActiveCfg = Release|Any CPU
		{CB218FF0-28D8-4753-A9C6-8AC7457F3FEA}.Release|Any CPU.Build.0 = Release|Any CPU
		{681D038E-D38D-4786-A19C-41664C82D853}.Debug|Any CPU.ActiveCfg = Debug|Any CPU
		{681D038E-D38D-4786-A19C-41664C82D853}.Debug|Any CPU.Build.0 = Debug|Any CPU
		{681D038E-D38D-4786-A19C-41664C82D853}.Release|Any CPU.ActiveCfg = Release|Any CPU
		{681D038E-D38D-4786-A19C-41664C82D853}.Release|Any CPU.Build.0 = Release|Any CPU
	EndGlobalSection
	GlobalSection(SolutionProperties) = preSolution
		HideSolutionNode = FALSE
	EndGlobalSection
EndGlobal
